// !$*UTF8*$!
{
	archiveVersion = 1;
	classes = {
	};
	objectVersion = 50;
	objects = {

/* Begin PBXBuildFile section */
		95AFB598243E9F210084E0BB /* AppDelegate.swift in Sources */ = {isa = PBXBuildFile; fileRef = 95AFB597243E9F210084E0BB /* AppDelegate.swift */; };
		95AFB59A243E9F210084E0BB /* SceneDelegate.swift in Sources */ = {isa = PBXBuildFile; fileRef = 95AFB599243E9F210084E0BB /* SceneDelegate.swift */; };
		95AFB59D243E9F210084E0BB /* Bookworm.xcdatamodeld in Sources */ = {isa = PBXBuildFile; fileRef = 95AFB59B243E9F210084E0BB /* Bookworm.xcdatamodeld */; };
		95AFB59F243E9F210084E0BB /* ContentView.swift in Sources */ = {isa = PBXBuildFile; fileRef = 95AFB59E243E9F210084E0BB /* ContentView.swift */; };
		95AFB5A1243E9F250084E0BB /* Assets.xcassets in Resources */ = {isa = PBXBuildFile; fileRef = 95AFB5A0243E9F250084E0BB /* Assets.xcassets */; };
		95AFB5A4243E9F250084E0BB /* Preview Assets.xcassets in Resources */ = {isa = PBXBuildFile; fileRef = 95AFB5A3243E9F250084E0BB /* Preview Assets.xcassets */; };
		95AFB5A7243E9F250084E0BB /* LaunchScreen.storyboard in Resources */ = {isa = PBXBuildFile; fileRef = 95AFB5A5243E9F250084E0BB /* LaunchScreen.storyboard */; };
		95AFB5AF243EA3F60084E0BB /* note.swift in Sources */ = {isa = PBXBuildFile; fileRef = 95AFB5AE243EA3F60084E0BB /* note.swift */; };
		95AFB5B1243ED0E40084E0BB /* AddBookView.swift in Sources */ = {isa = PBXBuildFile; fileRef = 95AFB5B0243ED0E40084E0BB /* AddBookView.swift */; };
		95E5267E243ED81C00A0EAF8 /* RatingView.swift in Sources */ = {isa = PBXBuildFile; fileRef = 95E5267D243ED81C00A0EAF8 /* RatingView.swift */; };
		95E52680243EEA6300A0EAF8 /* EmojiRatingView.swift in Sources */ = {isa = PBXBuildFile; fileRef = 95E5267F243EEA6300A0EAF8 /* EmojiRatingView.swift */; };
		95E52682243EEDC700A0EAF8 /* DetailView.swift in Sources */ = {isa = PBXBuildFile; fileRef = 95E52681243EEDC700A0EAF8 /* DetailView.swift */; };
/* End PBXBuildFile section */

/* Begin PBXFileReference section */
		95AFB594243E9F210084E0BB /* Bookworm.app */ = {isa = PBXFileReference; explicitFileType = wrapper.application; includeInIndex = 0; path = Bookworm.app; sourceTree = BUILT_PRODUCTS_DIR; };
		95AFB597243E9F210084E0BB /* AppDelegate.swift */ = {isa = PBXFileReference; lastKnownFileType = sourcecode.swift; path = AppDelegate.swift; sourceTree = "<group>"; };
		95AFB599243E9F210084E0BB /* SceneDelegate.swift */ = {isa = PBXFileReference; lastKnownFileType = sourcecode.swift; path = SceneDelegate.swift; sourceTree = "<group>"; };
		95AFB59C243E9F210084E0BB /* Bookworm.xcdatamodel */ = {isa = PBXFileReference; lastKnownFileType = wrapper.xcdatamodel; path = Bookworm.xcdatamodel; sourceTree = "<group>"; };
		95AFB59E243E9F210084E0BB /* ContentView.swift */ = {isa = PBXFileReference; lastKnownFileType = sourcecode.swift; path = ContentView.swift; sourceTree = "<group>"; };
		95AFB5A0243E9F250084E0BB /* Assets.xcassets */ = {isa = PBXFileReference; lastKnownFileType = folder.assetcatalog; path = Assets.xcassets; sourceTree = "<group>"; };
		95AFB5A3243E9F250084E0BB /* Preview Assets.xcassets */ = {isa = PBXFileReference; lastKnownFileType = folder.assetcatalog; path = "Preview Assets.xcassets"; sourceTree = "<group>"; };
		95AFB5A6243E9F250084E0BB /* Base */ = {isa = PBXFileReference; lastKnownFileType = file.storyboard; name = Base; path = Base.lproj/LaunchScreen.storyboard; sourceTree = "<group>"; };
		95AFB5A8243E9F250084E0BB /* Info.plist */ = {isa = PBXFileReference; lastKnownFileType = text.plist.xml; path = Info.plist; sourceTree = "<group>"; };
		95AFB5AE243EA3F60084E0BB /* note.swift */ = {isa = PBXFileReference; lastKnownFileType = sourcecode.swift; path = note.swift; sourceTree = "<group>"; };
		95AFB5B0243ED0E40084E0BB /* AddBookView.swift */ = {isa = PBXFileReference; lastKnownFileType = sourcecode.swift; path = AddBookView.swift; sourceTree = "<group>"; };
		95E5267D243ED81C00A0EAF8 /* RatingView.swift */ = {isa = PBXFileReference; lastKnownFileType = sourcecode.swift; path = RatingView.swift; sourceTree = "<group>"; };
		95E5267F243EEA6300A0EAF8 /* EmojiRatingView.swift */ = {isa = PBXFileReference; lastKnownFileType = sourcecode.swift; path = EmojiRatingView.swift; sourceTree = "<group>"; };
		95E52681243EEDC700A0EAF8 /* DetailView.swift */ = {isa = PBXFileReference; lastKnownFileType = sourcecode.swift; path = DetailView.swift; sourceTree = "<group>"; };
/* End PBXFileReference section */

/* Begin PBXFrameworksBuildPhase section */
		95AFB591243E9F210084E0BB /* Frameworks */ = {
			isa = PBXFrameworksBuildPhase;
			buildActionMask = 2147483647;
			files = (
			);
			runOnlyForDeploymentPostprocessing = 0;
		};
/* End PBXFrameworksBuildPhase section */

/* Begin PBXGroup section */
		95AFB58B243E9F210084E0BB = {
			isa = PBXGroup;
			children = (
				95AFB596243E9F210084E0BB /* Bookworm */,
				95AFB595243E9F210084E0BB /* Products */,
			);
			sourceTree = "<group>";
		};
		95AFB595243E9F210084E0BB /* Products */ = {
			isa = PBXGroup;
			children = (
				95AFB594243E9F210084E0BB /* Bookworm.app */,
			);
			name = Products;
			sourceTree = "<group>";
		};
		95AFB596243E9F210084E0BB /* Bookworm */ = {
			isa = PBXGroup;
			children = (
				95AFB597243E9F210084E0BB /* AppDelegate.swift */,
				95AFB599243E9F210084E0BB /* SceneDelegate.swift */,
				95AFB59E243E9F210084E0BB /* ContentView.swift */,
				95AFB5B0243ED0E40084E0BB /* AddBookView.swift */,
				95E5267D243ED81C00A0EAF8 /* RatingView.swift */,
				95E5267F243EEA6300A0EAF8 /* EmojiRatingView.swift */,
				95E52681243EEDC700A0EAF8 /* DetailView.swift */,
				95AFB5A0243E9F250084E0BB /* Assets.xcassets */,
				95AFB5A5243E9F250084E0BB /* LaunchScreen.storyboard */,
				95AFB5A8243E9F250084E0BB /* Info.plist */,
				95AFB59B243E9F210084E0BB /* Bookworm.xcdatamodeld */,
				95AFB5A2243E9F250084E0BB /* Preview Content */,
				95AFB5AE243EA3F60084E0BB /* note.swift */,
			);
			path = Bookworm;
			sourceTree = "<group>";
		};
		95AFB5A2243E9F250084E0BB /* Preview Content */ = {
			isa = PBXGroup;
			children = (
				95AFB5A3243E9F250084E0BB /* Preview Assets.xcassets */,
			);
			path = "Preview Content";
			sourceTree = "<group>";
		};
/* End PBXGroup section */

/* Begin PBXNativeTarget section */
		95AFB593243E9F210084E0BB /* Bookworm */ = {
			isa = PBXNativeTarget;
			buildConfigurationList = 95AFB5AB243E9F250084E0BB /* Build configuration list for PBXNativeTarget "Bookworm" */;
			buildPhases = (
				95AFB590243E9F210084E0BB /* Sources */,
				95AFB591243E9F210084E0BB /* Frameworks */,
				95AFB592243E9F210084E0BB /* Resources */,
			);
			buildRules = (
			);
			dependencies = (
			);
			name = Bookworm;
			productName = Bookworm;
			productReference = 95AFB594243E9F210084E0BB /* Bookworm.app */;
			productType = "com.apple.product-type.application";
		};
/* End PBXNativeTarget section */

/* Begin PBXProject section */
		95AFB58C243E9F210084E0BB /* Project object */ = {
			isa = PBXProject;
			attributes = {
				LastSwiftUpdateCheck = 1140;
				LastUpgradeCheck = 1140;
				ORGANIZATIONNAME = "Yuki Shinohara";
				TargetAttributes = {
					95AFB593243E9F210084E0BB = {
						CreatedOnToolsVersion = 11.4;
					};
				};
			};
			buildConfigurationList = 95AFB58F243E9F210084E0BB /* Build configuration list for PBXProject "Bookworm" */;
			compatibilityVersion = "Xcode 9.3";
			developmentRegion = en;
			hasScannedForEncodings = 0;
			knownRegions = (
				en,
				Base,
			);
			mainGroup = 95AFB58B243E9F210084E0BB;
			productRefGroup = 95AFB595243E9F210084E0BB /* Products */;
			projectDirPath = "";
			projectRoot = "";
			targets = (
				95AFB593243E9F210084E0BB /* Bookworm */,
			);
		};
/* End PBXProject section */

/* Begin PBXResourcesBuildPhase section */
		95AFB592243E9F210084E0BB /* Resources */ = {
			isa = PBXResourcesBuildPhase;
			buildActionMask = 2147483647;
			files = (
				95AFB5A7243E9F250084E0BB /* LaunchScreen.storyboard in Resources */,
				95AFB5A4243E9F250084E0BB /* Preview Assets.xcassets in Resources */,
				95AFB5A1243E9F250084E0BB /* Assets.xcassets in Resources */,
			);
			runOnlyForDeploymentPostprocessing = 0;
		};
/* End PBXResourcesBuildPhase section */

/* Begin PBXSourcesBuildPhase section */
		95AFB590243E9F210084E0BB /* Sources */ = {
			isa = PBXSourcesBuildPhase;
			buildActionMask = 2147483647;
			files = (
				95AFB598243E9F210084E0BB /* AppDelegate.swift in Sources */,
				95E52682243EEDC700A0EAF8 /* DetailView.swift in Sources */,
				95AFB5B1243ED0E40084E0BB /* AddBookView.swift in Sources */,
				95AFB5AF243EA3F60084E0BB /* note.swift in Sources */,
				95AFB59D243E9F210084E0BB /* Bookworm.xcdatamodeld in Sources */,
				95E52680243EEA6300A0EAF8 /* EmojiRatingView.swift in Sources */,
				95AFB59F243E9F210084E0BB /* ContentView.swift in Sources */,
				95AFB59A243E9F210084E0BB /* SceneDelegate.swift in Sources */,
				95E5267E243ED81C00A0EAF8 /* RatingView.swift in Sources */,
			);
			runOnlyForDeploymentPostprocessing = 0;
		};
/* End PBXSourcesBuildPhase section */

/* Begin PBXVariantGroup section */
		95AFB5A5243E9F250084E0BB /* LaunchScreen.storyboard */ = {
			isa = PBXVariantGroup;
			children = (
				95AFB5A6243E9F250084E0BB /* Base */,
			);
			name = LaunchScreen.storyboard;
			sourceTree = "<group>";
		};
/* End PBXVariantGroup section */

/* Begin XCBuildConfiguration section */
		95AFB5A9243E9F250084E0BB /* Debug */ = {
			isa = XCBuildConfiguration;
			buildSettings = {
				ALWAYS_SEARCH_USER_PATHS = NO;
				CLANG_ANALYZER_NONNULL = YES;
				CLANG_ANALYZER_NUMBER_OBJECT_CONVERSION = YES_AGGRESSIVE;
				CLANG_CXX_LANGUAGE_STANDARD = "gnu++14";
				CLANG_CXX_LIBRARY = "libc++";
				CLANG_ENABLE_MODULES = YES;
				CLANG_ENABLE_OBJC_ARC = YES;
				CLANG_ENABLE_OBJC_WEAK = YES;
				CLANG_WARN_BLOCK_CAPTURE_AUTORELEASING = YES;
				CLANG_WARN_BOOL_CONVERSION = YES;
				CLANG_WARN_COMMA = YES;
				CLANG_WARN_CONSTANT_CONVERSION = YES;
				CLANG_WARN_DEPRECATED_OBJC_IMPLEMENTATIONS = YES;
				CLANG_WARN_DIRECT_OBJC_ISA_USAGE = YES_ERROR;
				CLANG_WARN_DOCUMENTATION_COMMENTS = YES;
				CLANG_WARN_EMPTY_BODY = YES;
				CLANG_WARN_ENUM_CONVERSION = YES;
				CLANG_WARN_INFINITE_RECURSION = YES;
				CLANG_WARN_INT_CONVERSION = YES;
				CLANG_WARN_NON_LITERAL_NULL_CONVERSION = YES;
				CLANG_WARN_OBJC_IMPLICIT_RETAIN_SELF = YES;
				CLANG_WARN_OBJC_LITERAL_CONVERSION = YES;
				CLANG_WARN_OBJC_ROOT_CLASS = YES_ERROR;
				CLANG_WARN_RANGE_LOOP_ANALYSIS = YES;
				CLANG_WARN_STRICT_PROTOTYPES = YES;
				CLANG_WARN_SUSPICIOUS_MOVE = YES;
				CLANG_WARN_UNGUARDED_AVAILABILITY = YES_AGGRESSIVE;
				CLANG_WARN_UNREACHABLE_CODE = YES;
				CLANG_WARN__DUPLICATE_METHOD_MATCH = YES;
				COPY_PHASE_STRIP = NO;
				DEBUG_INFORMATION_FORMAT = dwarf;
				ENABLE_STRICT_OBJC_MSGSEND = YES;
				ENABLE_TESTABILITY = YES;
				GCC_C_LANGUAGE_STANDARD = gnu11;
				GCC_DYNAMIC_NO_PIC = NO;
				GCC_NO_COMMON_BLOCKS = YES;
				GCC_OPTIMIZATION_LEVEL = 0;
				GCC_PREPROCESSOR_DEFINITIONS = (
					"DEBUG=1",
					"$(inherited)",
				);
				GCC_WARN_64_TO_32_BIT_CONVERSION = YES;
				GCC_WARN_ABOUT_RETURN_TYPE = YES_ERROR;
				GCC_WARN_UNDECLARED_SELECTOR = YES;
				GCC_WARN_UNINITIALIZED_AUTOS = YES_AGGRESSIVE;
				GCC_WARN_UNUSED_FUNCTION = YES;
				GCC_WARN_UNUSED_VARIABLE = YES;
				IPHONEOS_DEPLOYMENT_TARGET = 13.4;
				MTL_ENABLE_DEBUG_INFO = INCLUDE_SOURCE;
				MTL_FAST_MATH = YES;
				ONLY_ACTIVE_ARCH = YES;
				SDKROOT = iphoneos;
				SWIFT_ACTIVE_COMPILATION_CONDITIONS = DEBUG;
				SWIFT_OPTIMIZATION_LEVEL = "-Onone";
			};
			name = Debug;
		};
		95AFB5AA243E9F250084E0BB /* Release */ = {
			isa = XCBuildConfiguration;
			buildSettings = {
				ALWAYS_SEARCH_USER_PATHS = NO;
				CLANG_ANALYZER_NONNULL = YES;
				CLANG_ANALYZER_NUMBER_OBJECT_CONVERSION = YES_AGGRESSIVE;
				CLANG_CXX_LANGUAGE_STANDARD = "gnu++14";
				CLANG_CXX_LIBRARY = "libc++";
				CLANG_ENABLE_MODULES = YES;
				CLANG_ENABLE_OBJC_ARC = YES;
				CLANG_ENABLE_OBJC_WEAK = YES;
				CLANG_WARN_BLOCK_CAPTURE_AUTORELEASING = YES;
				CLANG_WARN_BOOL_CONVERSION = YES;
				CLANG_WARN_COMMA = YES;
				CLANG_WARN_CONSTANT_CONVERSION = YES;
				CLANG_WARN_DEPRECATED_OBJC_IMPLEMENTATIONS = YES;
				CLANG_WARN_DIRECT_OBJC_ISA_USAGE = YES_ERROR;
				CLANG_WARN_DOCUMENTATION_COMMENTS = YES;
				CLANG_WARN_EMPTY_BODY = YES;
				CLANG_WARN_ENUM_CONVERSION = YES;
				CLANG_WARN_INFINITE_RECURSION = YES;
				CLANG_WARN_INT_CONVERSION = YES;
				CLANG_WARN_NON_LITERAL_NULL_CONVERSION = YES;
				CLANG_WARN_OBJC_IMPLICIT_RETAIN_SELF = YES;
				CLANG_WARN_OBJC_LITERAL_CONVERSION = YES;
				CLANG_WARN_OBJC_ROOT_CLASS = YES_ERROR;
				CLANG_WARN_RANGE_LOOP_ANALYSIS = YES;
				CLANG_WARN_STRICT_PROTOTYPES = YES;
				CLANG_WARN_SUSPICIOUS_MOVE = YES;
				CLANG_WARN_UNGUARDED_AVAILABILITY = YES_AGGRESSIVE;
				CLANG_WARN_UNREACHABLE_CODE = YES;
				CLANG_WARN__DUPLICATE_METHOD_MATCH = YES;
				COPY_PHASE_STRIP = NO;
				DEBUG_INFORMATION_FORMAT = "dwarf-with-dsym";
				ENABLE_NS_ASSERTIONS = NO;
				ENABLE_STRICT_OBJC_MSGSEND = YES;
				GCC_C_LANGUAGE_STANDARD = gnu11;
				GCC_NO_COMMON_BLOCKS = YES;
				GCC_WARN_64_TO_32_BIT_CONVERSION = YES;
				GCC_WARN_ABOUT_RETURN_TYPE = YES_ERROR;
				GCC_WARN_UNDECLARED_SELECTOR = YES;
				GCC_WARN_UNINITIALIZED_AUTOS = YES_AGGRESSIVE;
				GCC_WARN_UNUSED_FUNCTION = YES;
				GCC_WARN_UNUSED_VARIABLE = YES;
				IPHONEOS_DEPLOYMENT_TARGET = 13.4;
				MTL_ENABLE_DEBUG_INFO = NO;
				MTL_FAST_MATH = YES;
				SDKROOT = iphoneos;
				SWIFT_COMPILATION_MODE = wholemodule;
				SWIFT_OPTIMIZATION_LEVEL = "-O";
				VALIDATE_PRODUCT = YES;
			};
			name = Release;
		};
		95AFB5AC243E9F250084E0BB /* Debug */ = {
			isa = XCBuildConfiguration;
			buildSettings = {
				ASSETCATALOG_COMPILER_APPICON_NAME = AppIcon;
				CODE_SIGN_STYLE = Automatic;
				DEVELOPMENT_ASSET_PATHS = "\"Bookworm/Preview Content\"";
				DEVELOPMENT_TEAM = 7RFPAQ2NAA;
				ENABLE_PREVIEWS = YES;
				INFOPLIST_FILE = Bookworm/Info.plist;
				LD_RUNPATH_SEARCH_PATHS = (
					"$(inherited)",
					"@executable_path/Frameworks",
				);
				PRODUCT_BUNDLE_IDENTIFIER = com.shino.Bookworm;
				PRODUCT_NAME = "$(TARGET_NAME)";
				SWIFT_VERSION = 5.0;
				TARGETED_DEVICE_FAMILY = "1,2";
			};
			name = Debug;
		};
		95AFB5AD243E9F250084E0BB /* Release */ = {
			isa = XCBuildConfiguration;
			buildSettings = {
				ASSETCATALOG_COMPILER_APPICON_NAME = AppIcon;
				CODE_SIGN_STYLE = Automatic;
				DEVELOPMENT_ASSET_PATHS = "\"Bookworm/Preview Content\"";
				DEVELOPMENT_TEAM = 7RFPAQ2NAA;
				ENABLE_PREVIEWS = YES;
				INFOPLIST_FILE = Bookworm/Info.plist;
				LD_RUNPATH_SEARCH_PATHS = (
					"$(inherited)",
					"@executable_path/Frameworks",
				);
				PRODUCT_BUNDLE_IDENTIFIER = com.shino.Bookworm;
				PRODUCT_NAME = "$(TARGET_NAME)";
				SWIFT_VERSION = 5.0;
				TARGETED_DEVICE_FAMILY = "1,2";
			};
			name = Release;
		};
/* End XCBuildConfiguration section */

/* Begin XCConfigurationList section */
		95AFB58F243E9F210084E0BB /* Build configuration list for PBXProject "Bookworm" */ = {
			isa = XCConfigurationList;
			buildConfigurations = (
				95AFB5A9243E9F250084E0BB /* Debug */,
				95AFB5AA243E9F250084E0BB /* Release */,
			);
			defaultConfigurationIsVisible = 0;
			defaultConfigurationName = Release;
		};
		95AFB5AB243E9F250084E0BB /* Build configuration list for PBXNativeTarget "Bookworm" */ = {
			isa = XCConfigurationList;
			buildConfigurations = (
				95AFB5AC243E9F250084E0BB /* Debug */,
				95AFB5AD243E9F250084E0BB /* Release */,
			);
			defaultConfigurationIsVisible = 0;
			defaultConfigurationName = Release;
		};
/* End XCConfigurationList section */

/* Begin XCVersionGroup section */
		95AFB59B243E9F210084E0BB /* Bookworm.xcdatamodeld */ = {
			isa = XCVersionGroup;
			children = (
				95AFB59C243E9F210084E0BB /* Bookworm.xcdatamodel */,
			);
			currentVersion = 95AFB59C243E9F210084E0BB /* Bookworm.xcdatamodel */;
			path = Bookworm.xcdatamodeld;
			sourceTree = "<group>";
			versionGroupType = wrapper.xcdatamodel;
		};
/* End XCVersionGroup section */
	};
	rootObject = 95AFB58C243E9F210084E0BB /* Project object */;
}
